
Microsoft Visual Studio Solution File, Format Version 12.00
# Visual Studio Version 17
VisualStudioVersion = 17.0.32112.339
MinimumVisualStudioVersion = 10.0.40219.1
Project("{FAE04EC0-301F-11D3-BF4B-00C04F79EFBC}") = "GuniApplication.Web", "GuniApplication.Web\GuniApplication.Web.csproj", "{97F4BEE5-D831-42D1-8210-5BBDBCC0F89D}"
EndProject
Global
	GlobalSection(SolutionConfigurationPlatforms) = preSolution
		Debug|Any CPU = Debug|Any CPU
		Release|Any CPU = Release|Any CPU
	EndGlobalSection
	GlobalSection(ProjectConfigurationPlatforms) = postSolution
		{97F4BEE5-D831-42D1-8210-5BBDBCC0F89D}.Debug|Any CPU.ActiveCfg = Debug|Any CPU
		{97F4BEE5-D831-42D1-8210-5BBDBCC0F89D}.Debug|Any CPU.Build.0 = Debug|Any CPU
		{97F4BEE5-D831-42D1-8210-5BBDBCC0F89D}.Release|Any CPU.ActiveCfg = Release|Any CPU
		{97F4BEE5-D831-42D1-8210-5BBDBCC0F89D}.Release|Any CPU.Build.0 = Release|Any CPU
	EndGlobalSection
	GlobalSection(SolutionProperties) = preSolution
		HideSolutionNode = FALSE
	EndGlobalSection
	GlobalSection(ExtensibilityGlobals) = postSolution
		SolutionGuid = {0F2D37EA-1EF4-4627-89D8-1168C8C59036}
	EndGlobalSection
EndGlobal
