
Microsoft Visual Studio Solution File, Format Version 12.00
# Visual Studio Version 17
VisualStudioVersion = 17.0.32112.339
MinimumVisualStudioVersion = 10.0.40219.1
Project("{9A19103F-16F7-4668-BE54-9A1E7A4F7556}") = "Assignment1", "Assignment\Assignment1.csproj", "{09E71121-6EB9-48EA-B647-F46F7AD923A9}"
EndProject
Global
	GlobalSection(SolutionConfigurationPlatforms) = preSolution
		Debug|Any CPU = Debug|Any CPU
		Release|Any CPU = Release|Any CPU
	EndGlobalSection
	GlobalSection(ProjectConfigurationPlatforms) = postSolution
		{09E71121-6EB9-48EA-B647-F46F7AD923A9}.Debug|Any CPU.ActiveCfg = Debug|Any CPU
		{09E71121-6EB9-48EA-B647-F46F7AD923A9}.Debug|Any CPU.Build.0 = Debug|Any CPU
		{09E71121-6EB9-48EA-B647-F46F7AD923A9}.Release|Any CPU.ActiveCfg = Release|Any CPU
		{09E71121-6EB9-48EA-B647-F46F7AD923A9}.Release|Any CPU.Build.0 = Release|Any CPU
	EndGlobalSection
	GlobalSection(SolutionProperties) = preSolution
		HideSolutionNode = FALSE
	EndGlobalSection
	GlobalSection(ExtensibilityGlobals) = postSolution
		SolutionGuid = {BC8A1F92-DD74-45E1-A5DA-DA2F920BE7AF}
	EndGlobalSection
EndGlobal
